
Microsoft Visual Studio Solution File, Format Version 12.00
# Visual Studio Version 16
VisualStudioVersion = 16.0.31829.152
MinimumVisualStudioVersion = 10.0.40219.1
Project("{FAE04EC0-301F-11D3-BF4B-00C04F79EFBC}") = "ServerConfigRest_20190140096_Amalia Husna", "ServerConfigRest_20190140096_Amalia Husna\ServerConfigRest_20190140096_Amalia Husna.csproj", "{99D37A05-E149-46BC-87E0-FE2DE1C93267}"
EndProject
Global
	GlobalSection(SolutionConfigurationPlatforms) = preSolution
		Debug|Any CPU = Debug|Any CPU
		Release|Any CPU = Release|Any CPU
	EndGlobalSection
	GlobalSection(ProjectConfigurationPlatforms) = postSolution
		{99D37A05-E149-46BC-87E0-FE2DE1C93267}.Debug|Any CPU.ActiveCfg = Debug|Any CPU
		{99D37A05-E149-46BC-87E0-FE2DE1C93267}.Debug|Any CPU.Build.0 = Debug|Any CPU
		{99D37A05-E149-46BC-87E0-FE2DE1C93267}.Release|Any CPU.ActiveCfg = Release|Any CPU
		{99D37A05-E149-46BC-87E0-FE2DE1C93267}.Release|Any CPU.Build.0 = Release|Any CPU
	EndGlobalSection
	GlobalSection(SolutionProperties) = preSolution
		HideSolutionNode = FALSE
	EndGlobalSection
	GlobalSection(ExtensibilityGlobals) = postSolution
		SolutionGuid = {A49897C0-F7B5-407C-BFFF-A0BA72E855EF}
	EndGlobalSection
EndGlobal
